// !$*UTF8*$!
{
	archiveVersion = 1;
	classes = {
	};
	objectVersion = 55;
	objects = {

/* Begin PBXBuildFile section */
		6C0E80003386D3098BD89094 /* Pods_JSONPlaceholder.framework in Frameworks */ = {isa = PBXBuildFile; fileRef = 8E80414C7DC8D6B78DE27194 /* Pods_JSONPlaceholder.framework */; };
		88BCD346283F1B6100958FBC /* AppDelegate.swift in Sources */ = {isa = PBXBuildFile; fileRef = 88BCD345283F1B6100958FBC /* AppDelegate.swift */; };
		88BCD348283F1B6100958FBC /* SceneDelegate.swift in Sources */ = {isa = PBXBuildFile; fileRef = 88BCD347283F1B6100958FBC /* SceneDelegate.swift */; };
		88BCD34A283F1B6100958FBC /* ViewController.swift in Sources */ = {isa = PBXBuildFile; fileRef = 88BCD349283F1B6100958FBC /* ViewController.swift */; };
		88BCD34D283F1B6100958FBC /* Main.storyboard in Resources */ = {isa = PBXBuildFile; fileRef = 88BCD34B283F1B6100958FBC /* Main.storyboard */; };
		88BCD34F283F1B6100958FBC /* Assets.xcassets in Resources */ = {isa = PBXBuildFile; fileRef = 88BCD34E283F1B6100958FBC /* Assets.xcassets */; };
		88BCD352283F1B6100958FBC /* LaunchScreen.storyboard in Resources */ = {isa = PBXBuildFile; fileRef = 88BCD350283F1B6100958FBC /* LaunchScreen.storyboard */; };
		88E52462283F2AA2004C09DA /* PostTableViewCell.swift in Sources */ = {isa = PBXBuildFile; fileRef = 88E52460283F2AA2004C09DA /* PostTableViewCell.swift */; };
		88E52463283F2AA2004C09DA /* PostTableViewCell.xib in Resources */ = {isa = PBXBuildFile; fileRef = 88E52461283F2AA2004C09DA /* PostTableViewCell.xib */; };
		88E52467283F2F2F004C09DA /* Post.swift in Sources */ = {isa = PBXBuildFile; fileRef = 88E52466283F2F2F004C09DA /* Post.swift */; };
		88E5246B283F3005004C09DA /* NetworkManager.swift in Sources */ = {isa = PBXBuildFile; fileRef = 88E5246A283F3005004C09DA /* NetworkManager.swift */; };
		88E5246D283F3D96004C09DA /* DetailViewController.swift in Sources */ = {isa = PBXBuildFile; fileRef = 88E5246C283F3D96004C09DA /* DetailViewController.swift */; };
		88E52470283F3EA4004C09DA /* CommentTableViewCell.swift in Sources */ = {isa = PBXBuildFile; fileRef = 88E5246E283F3EA4004C09DA /* CommentTableViewCell.swift */; };
		88E52471283F3EA4004C09DA /* CommentTableViewCell.xib in Resources */ = {isa = PBXBuildFile; fileRef = 88E5246F283F3EA4004C09DA /* CommentTableViewCell.xib */; };
		88E52473283F4CC6004C09DA /* Comment.swift in Sources */ = {isa = PBXBuildFile; fileRef = 88E52472283F4CC6004C09DA /* Comment.swift */; };
/* End PBXBuildFile section */

/* Begin PBXFileReference section */
		80A01E198BE847760BA835D0 /* Pods-JSONPlaceholder.debug.xcconfig */ = {isa = PBXFileReference; includeInIndex = 1; lastKnownFileType = text.xcconfig; name = "Pods-JSONPlaceholder.debug.xcconfig"; path = "Target Support Files/Pods-JSONPlaceholder/Pods-JSONPlaceholder.debug.xcconfig"; sourceTree = "<group>"; };
		88BCD342283F1B6100958FBC /* JSONPlaceholder.app */ = {isa = PBXFileReference; explicitFileType = wrapper.application; includeInIndex = 0; path = JSONPlaceholder.app; sourceTree = BUILT_PRODUCTS_DIR; };
		88BCD345283F1B6100958FBC /* AppDelegate.swift */ = {isa = PBXFileReference; lastKnownFileType = sourcecode.swift; path = AppDelegate.swift; sourceTree = "<group>"; };
		88BCD347283F1B6100958FBC /* SceneDelegate.swift */ = {isa = PBXFileReference; lastKnownFileType = sourcecode.swift; path = SceneDelegate.swift; sourceTree = "<group>"; };
		88BCD349283F1B6100958FBC /* ViewController.swift */ = {isa = PBXFileReference; lastKnownFileType = sourcecode.swift; path = ViewController.swift; sourceTree = "<group>"; };
		88BCD34C283F1B6100958FBC /* Base */ = {isa = PBXFileReference; lastKnownFileType = file.storyboard; name = Base; path = Base.lproj/Main.storyboard; sourceTree = "<group>"; };
		88BCD34E283F1B6100958FBC /* Assets.xcassets */ = {isa = PBXFileReference; lastKnownFileType = folder.assetcatalog; path = Assets.xcassets; sourceTree = "<group>"; };
		88BCD351283F1B6100958FBC /* Base */ = {isa = PBXFileReference; lastKnownFileType = file.storyboard; name = Base; path = Base.lproj/LaunchScreen.storyboard; sourceTree = "<group>"; };
		88BCD353283F1B6100958FBC /* Info.plist */ = {isa = PBXFileReference; lastKnownFileType = text.plist.xml; path = Info.plist; sourceTree = "<group>"; };
		88E52460283F2AA2004C09DA /* PostTableViewCell.swift */ = {isa = PBXFileReference; lastKnownFileType = sourcecode.swift; path = PostTableViewCell.swift; sourceTree = "<group>"; };
		88E52461283F2AA2004C09DA /* PostTableViewCell.xib */ = {isa = PBXFileReference; lastKnownFileType = file.xib; path = PostTableViewCell.xib; sourceTree = "<group>"; };
		88E52466283F2F2F004C09DA /* Post.swift */ = {isa = PBXFileReference; lastKnownFileType = sourcecode.swift; path = Post.swift; sourceTree = "<group>"; };
		88E5246A283F3005004C09DA /* NetworkManager.swift */ = {isa = PBXFileReference; lastKnownFileType = sourcecode.swift; path = NetworkManager.swift; sourceTree = "<group>"; };
		88E5246C283F3D96004C09DA /* DetailViewController.swift */ = {isa = PBXFileReference; lastKnownFileType = sourcecode.swift; path = DetailViewController.swift; sourceTree = "<group>"; };
		88E5246E283F3EA4004C09DA /* CommentTableViewCell.swift */ = {isa = PBXFileReference; lastKnownFileType = sourcecode.swift; path = CommentTableViewCell.swift; sourceTree = "<group>"; };
		88E5246F283F3EA4004C09DA /* CommentTableViewCell.xib */ = {isa = PBXFileReference; lastKnownFileType = file.xib; path = CommentTableViewCell.xib; sourceTree = "<group>"; };
		88E52472283F4CC6004C09DA /* Comment.swift */ = {isa = PBXFileReference; lastKnownFileType = sourcecode.swift; path = Comment.swift; sourceTree = "<group>"; };
		8E80414C7DC8D6B78DE27194 /* Pods_JSONPlaceholder.framework */ = {isa = PBXFileReference; explicitFileType = wrapper.framework; includeInIndex = 0; path = Pods_JSONPlaceholder.framework; sourceTree = BUILT_PRODUCTS_DIR; };
		D6BEEC092D2354004A7D6456 /* Pods-JSONPlaceholder.release.xcconfig */ = {isa = PBXFileReference; includeInIndex = 1; lastKnownFileType = text.xcconfig; name = "Pods-JSONPlaceholder.release.xcconfig"; path = "Target Support Files/Pods-JSONPlaceholder/Pods-JSONPlaceholder.release.xcconfig"; sourceTree = "<group>"; };
/* End PBXFileReference section */

/* Begin PBXFrameworksBuildPhase section */
		88BCD33F283F1B6100958FBC /* Frameworks */ = {
			isa = PBXFrameworksBuildPhase;
			buildActionMask = 2147483647;
			files = (
				6C0E80003386D3098BD89094 /* Pods_JSONPlaceholder.framework in Frameworks */,
			);
			runOnlyForDeploymentPostprocessing = 0;
		};
/* End PBXFrameworksBuildPhase section */

/* Begin PBXGroup section */
		244CAAE3C1E7516CD767848C /* Pods */ = {
			isa = PBXGroup;
			children = (
				80A01E198BE847760BA835D0 /* Pods-JSONPlaceholder.debug.xcconfig */,
				D6BEEC092D2354004A7D6456 /* Pods-JSONPlaceholder.release.xcconfig */,
			);
			path = Pods;
			sourceTree = "<group>";
		};
		7BBBC7271256E955B416BE16 /* Frameworks */ = {
			isa = PBXGroup;
			children = (
				8E80414C7DC8D6B78DE27194 /* Pods_JSONPlaceholder.framework */,
			);
			name = Frameworks;
			sourceTree = "<group>";
		};
		88BCD339283F1B6100958FBC = {
			isa = PBXGroup;
			children = (
				88BCD344283F1B6100958FBC /* JSONPlaceholder */,
				88BCD343283F1B6100958FBC /* Products */,
				244CAAE3C1E7516CD767848C /* Pods */,
				7BBBC7271256E955B416BE16 /* Frameworks */,
			);
			sourceTree = "<group>";
		};
		88BCD343283F1B6100958FBC /* Products */ = {
			isa = PBXGroup;
			children = (
				88BCD342283F1B6100958FBC /* JSONPlaceholder.app */,
			);
			name = Products;
			sourceTree = "<group>";
		};
		88BCD344283F1B6100958FBC /* JSONPlaceholder */ = {
			isa = PBXGroup;
			children = (
				88BCD345283F1B6100958FBC /* AppDelegate.swift */,
				88BCD347283F1B6100958FBC /* SceneDelegate.swift */,
				88E52469283F2FEA004C09DA /* Network */,
				88E52465283F2EBA004C09DA /* Model */,
				88E5245F283F2A8B004C09DA /* View */,
				88E5245E283F1E63004C09DA /* ViewControllers */,
				88BCD34B283F1B6100958FBC /* Main.storyboard */,
				88BCD34E283F1B6100958FBC /* Assets.xcassets */,
				88BCD350283F1B6100958FBC /* LaunchScreen.storyboard */,
				88BCD353283F1B6100958FBC /* Info.plist */,
			);
			path = JSONPlaceholder;
			sourceTree = "<group>";
		};
		88E5245E283F1E63004C09DA /* ViewControllers */ = {
			isa = PBXGroup;
			children = (
				88BCD349283F1B6100958FBC /* ViewController.swift */,
				88E5246C283F3D96004C09DA /* DetailViewController.swift */,
			);
			path = ViewControllers;
			sourceTree = "<group>";
		};
		88E5245F283F2A8B004C09DA /* View */ = {
			isa = PBXGroup;
			children = (
				88E52460283F2AA2004C09DA /* PostTableViewCell.swift */,
				88E52461283F2AA2004C09DA /* PostTableViewCell.xib */,
				88E5246E283F3EA4004C09DA /* CommentTableViewCell.swift */,
				88E5246F283F3EA4004C09DA /* CommentTableViewCell.xib */,
			);
			path = View;
			sourceTree = "<group>";
		};
		88E52465283F2EBA004C09DA /* Model */ = {
			isa = PBXGroup;
			children = (
				88E52466283F2F2F004C09DA /* Post.swift */,
				88E52472283F4CC6004C09DA /* Comment.swift */,
			);
			path = Model;
			sourceTree = "<group>";
		};
		88E52469283F2FEA004C09DA /* Network */ = {
			isa = PBXGroup;
			children = (
				88E5246A283F3005004C09DA /* NetworkManager.swift */,
			);
			path = Network;
			sourceTree = "<group>";
		};
/* End PBXGroup section */

/* Begin PBXNativeTarget section */
		88BCD341283F1B6100958FBC /* JSONPlaceholder */ = {
			isa = PBXNativeTarget;
			buildConfigurationList = 88BCD356283F1B6100958FBC /* Build configuration list for PBXNativeTarget "JSONPlaceholder" */;
			buildPhases = (
				50C1E72F443D1D7F557A9DBA /* [CP] Check Pods Manifest.lock */,
				88BCD33E283F1B6100958FBC /* Sources */,
				88BCD33F283F1B6100958FBC /* Frameworks */,
				88BCD340283F1B6100958FBC /* Resources */,
				D9173119E989C63CFFB592B1 /* [CP] Embed Pods Frameworks */,
			);
			buildRules = (
			);
			dependencies = (
			);
			name = JSONPlaceholder;
			productName = JSONPlaceholder;
			productReference = 88BCD342283F1B6100958FBC /* JSONPlaceholder.app */;
			productType = "com.apple.product-type.application";
		};
/* End PBXNativeTarget section */

/* Begin PBXProject section */
		88BCD33A283F1B6100958FBC /* Project object */ = {
			isa = PBXProject;
			attributes = {
				BuildIndependentTargetsInParallel = 1;
				LastSwiftUpdateCheck = 1340;
				LastUpgradeCheck = 1340;
				TargetAttributes = {
					88BCD341283F1B6100958FBC = {
						CreatedOnToolsVersion = 13.4;
					};
				};
			};
			buildConfigurationList = 88BCD33D283F1B6100958FBC /* Build configuration list for PBXProject "JSONPlaceholder" */;
			compatibilityVersion = "Xcode 13.0";
			developmentRegion = en;
			hasScannedForEncodings = 0;
			knownRegions = (
				en,
				Base,
			);
			mainGroup = 88BCD339283F1B6100958FBC;
			productRefGroup = 88BCD343283F1B6100958FBC /* Products */;
			projectDirPath = "";
			projectRoot = "";
			targets = (
				88BCD341283F1B6100958FBC /* JSONPlaceholder */,
			);
		};
/* End PBXProject section */

/* Begin PBXResourcesBuildPhase section */
		88BCD340283F1B6100958FBC /* Resources */ = {
			isa = PBXResourcesBuildPhase;
			buildActionMask = 2147483647;
			files = (
				88BCD352283F1B6100958FBC /* LaunchScreen.storyboard in Resources */,
				88BCD34F283F1B6100958FBC /* Assets.xcassets in Resources */,
				88BCD34D283F1B6100958FBC /* Main.storyboard in Resources */,
				88E52463283F2AA2004C09DA /* PostTableViewCell.xib in Resources */,
				88E52471283F3EA4004C09DA /* CommentTableViewCell.xib in Resources */,
			);
			runOnlyForDeploymentPostprocessing = 0;
		};
/* End PBXResourcesBuildPhase section */

/* Begin PBXShellScriptBuildPhase section */
		50C1E72F443D1D7F557A9DBA /* [CP] Check Pods Manifest.lock */ = {
			isa = PBXShellScriptBuildPhase;
			buildActionMask = 2147483647;
			files = (
			);
			inputFileListPaths = (
			);
			inputPaths = (
				"${PODS_PODFILE_DIR_PATH}/Podfile.lock",
				"${PODS_ROOT}/Manifest.lock",
			);
			name = "[CP] Check Pods Manifest.lock";
			outputFileListPaths = (
			);
			outputPaths = (
				"$(DERIVED_FILE_DIR)/Pods-JSONPlaceholder-checkManifestLockResult.txt",
			);
			runOnlyForDeploymentPostprocessing = 0;
			shellPath = /bin/sh;
			shellScript = "diff \"${PODS_PODFILE_DIR_PATH}/Podfile.lock\" \"${PODS_ROOT}/Manifest.lock\" > /dev/null\nif [ $? != 0 ] ; then\n    # print error to STDERR\n    echo \"error: The sandbox is not in sync with the Podfile.lock. Run 'pod install' or update your CocoaPods installation.\" >&2\n    exit 1\nfi\n# This output is used by Xcode 'outputs' to avoid re-running this script phase.\necho \"SUCCESS\" > \"${SCRIPT_OUTPUT_FILE_0}\"\n";
			showEnvVarsInLog = 0;
		};
		D9173119E989C63CFFB592B1 /* [CP] Embed Pods Frameworks */ = {
			isa = PBXShellScriptBuildPhase;
			buildActionMask = 2147483647;
			files = (
			);
			inputFileListPaths = (
				"${PODS_ROOT}/Target Support Files/Pods-JSONPlaceholder/Pods-JSONPlaceholder-frameworks-${CONFIGURATION}-input-files.xcfilelist",
			);
			name = "[CP] Embed Pods Frameworks";
			outputFileListPaths = (
				"${PODS_ROOT}/Target Support Files/Pods-JSONPlaceholder/Pods-JSONPlaceholder-frameworks-${CONFIGURATION}-output-files.xcfilelist",
			);
			runOnlyForDeploymentPostprocessing = 0;
			shellPath = /bin/sh;
			shellScript = "\"${PODS_ROOT}/Target Support Files/Pods-JSONPlaceholder/Pods-JSONPlaceholder-frameworks.sh\"\n";
			showEnvVarsInLog = 0;
		};
/* End PBXShellScriptBuildPhase section */

/* Begin PBXSourcesBuildPhase section */
		88BCD33E283F1B6100958FBC /* Sources */ = {
			isa = PBXSourcesBuildPhase;
			buildActionMask = 2147483647;
			files = (
				88E5246B283F3005004C09DA /* NetworkManager.swift in Sources */,
				88BCD34A283F1B6100958FBC /* ViewController.swift in Sources */,
				88BCD346283F1B6100958FBC /* AppDelegate.swift in Sources */,
				88E52470283F3EA4004C09DA /* CommentTableViewCell.swift in Sources */,
				88BCD348283F1B6100958FBC /* SceneDelegate.swift in Sources */,
				88E52462283F2AA2004C09DA /* PostTableViewCell.swift in Sources */,
				88E52467283F2F2F004C09DA /* Post.swift in Sources */,
				88E52473283F4CC6004C09DA /* Comment.swift in Sources */,
				88E5246D283F3D96004C09DA /* DetailViewController.swift in Sources */,
			);
			runOnlyForDeploymentPostprocessing = 0;
		};
/* End PBXSourcesBuildPhase section */

/* Begin PBXVariantGroup section */
		88BCD34B283F1B6100958FBC /* Main.storyboard */ = {
			isa = PBXVariantGroup;
			children = (
				88BCD34C283F1B6100958FBC /* Base */,
			);
			name = Main.storyboard;
			sourceTree = "<group>";
		};
		88BCD350283F1B6100958FBC /* LaunchScreen.storyboard */ = {
			isa = PBXVariantGroup;
			children = (
				88BCD351283F1B6100958FBC /* Base */,
			);
			name = LaunchScreen.storyboard;
			sourceTree = "<group>";
		};
/* End PBXVariantGroup section */

/* Begin XCBuildConfiguration section */
		88BCD354283F1B6100958FBC /* Debug */ = {
			isa = XCBuildConfiguration;
			buildSettings = {
				ALWAYS_SEARCH_USER_PATHS = NO;
				CLANG_ANALYZER_NONNULL = YES;
				CLANG_ANALYZER_NUMBER_OBJECT_CONVERSION = YES_AGGRESSIVE;
				CLANG_CXX_LANGUAGE_STANDARD = "gnu++17";
				CLANG_ENABLE_MODULES = YES;
				CLANG_ENABLE_OBJC_ARC = YES;
				CLANG_ENABLE_OBJC_WEAK = YES;
				CLANG_WARN_BLOCK_CAPTURE_AUTORELEASING = YES;
				CLANG_WARN_BOOL_CONVERSION = YES;
				CLANG_WARN_COMMA = YES;
				CLANG_WARN_CONSTANT_CONVERSION = YES;
				CLANG_WARN_DEPRECATED_OBJC_IMPLEMENTATIONS = YES;
				CLANG_WARN_DIRECT_OBJC_ISA_USAGE = YES_ERROR;
				CLANG_WARN_DOCUMENTATION_COMMENTS = YES;
				CLANG_WARN_EMPTY_BODY = YES;
				CLANG_WARN_ENUM_CONVERSION = YES;
				CLANG_WARN_INFINITE_RECURSION = YES;
				CLANG_WARN_INT_CONVERSION = YES;
				CLANG_WARN_NON_LITERAL_NULL_CONVERSION = YES;
				CLANG_WARN_OBJC_IMPLICIT_RETAIN_SELF = YES;
				CLANG_WARN_OBJC_LITERAL_CONVERSION = YES;
				CLANG_WARN_OBJC_ROOT_CLASS = YES_ERROR;
				CLANG_WARN_QUOTED_INCLUDE_IN_FRAMEWORK_HEADER = YES;
				CLANG_WARN_RANGE_LOOP_ANALYSIS = YES;
				CLANG_WARN_STRICT_PROTOTYPES = YES;
				CLANG_WARN_SUSPICIOUS_MOVE = YES;
				CLANG_WARN_UNGUARDED_AVAILABILITY = YES_AGGRESSIVE;
				CLANG_WARN_UNREACHABLE_CODE = YES;
				CLANG_WARN__DUPLICATE_METHOD_MATCH = YES;
				COPY_PHASE_STRIP = NO;
				DEBUG_INFORMATION_FORMAT = dwarf;
				ENABLE_STRICT_OBJC_MSGSEND = YES;
				ENABLE_TESTABILITY = YES;
				GCC_C_LANGUAGE_STANDARD = gnu11;
				GCC_DYNAMIC_NO_PIC = NO;
				GCC_NO_COMMON_BLOCKS = YES;
				GCC_OPTIMIZATION_LEVEL = 0;
				GCC_PREPROCESSOR_DEFINITIONS = (
					"DEBUG=1",
					"$(inherited)",
				);
				GCC_WARN_64_TO_32_BIT_CONVERSION = YES;
				GCC_WARN_ABOUT_RETURN_TYPE = YES_ERROR;
				GCC_WARN_UNDECLARED_SELECTOR = YES;
				GCC_WARN_UNINITIALIZED_AUTOS = YES_AGGRESSIVE;
				GCC_WARN_UNUSED_FUNCTION = YES;
				GCC_WARN_UNUSED_VARIABLE = YES;
				IPHONEOS_DEPLOYMENT_TARGET = 15.5;
				MTL_ENABLE_DEBUG_INFO = INCLUDE_SOURCE;
				MTL_FAST_MATH = YES;
				ONLY_ACTIVE_ARCH = YES;
				SDKROOT = iphoneos;
				SWIFT_ACTIVE_COMPILATION_CONDITIONS = DEBUG;
				SWIFT_OPTIMIZATION_LEVEL = "-Onone";
			};
			name = Debug;
		};
		88BCD355283F1B6100958FBC /* Release */ = {
			isa = XCBuildConfiguration;
			buildSettings = {
				ALWAYS_SEARCH_USER_PATHS = NO;
				CLANG_ANALYZER_NONNULL = YES;
				CLANG_ANALYZER_NUMBER_OBJECT_CONVERSION = YES_AGGRESSIVE;
				CLANG_CXX_LANGUAGE_STANDARD = "gnu++17";
				CLANG_ENABLE_MODULES = YES;
				CLANG_ENABLE_OBJC_ARC = YES;
				CLANG_ENABLE_OBJC_WEAK = YES;
				CLANG_WARN_BLOCK_CAPTURE_AUTORELEASING = YES;
				CLANG_WARN_BOOL_CONVERSION = YES;
				CLANG_WARN_COMMA = YES;
				CLANG_WARN_CONSTANT_CONVERSION = YES;
				CLANG_WARN_DEPRECATED_OBJC_IMPLEMENTATIONS = YES;
				CLANG_WARN_DIRECT_OBJC_ISA_USAGE = YES_ERROR;
				CLANG_WARN_DOCUMENTATION_COMMENTS = YES;
				CLANG_WARN_EMPTY_BODY = YES;
				CLANG_WARN_ENUM_CONVERSION = YES;
				CLANG_WARN_INFINITE_RECURSION = YES;
				CLANG_WARN_INT_CONVERSION = YES;
				CLANG_WARN_NON_LITERAL_NULL_CONVERSION = YES;
				CLANG_WARN_OBJC_IMPLICIT_RETAIN_SELF = YES;
				CLANG_WARN_OBJC_LITERAL_CONVERSION = YES;
				CLANG_WARN_OBJC_ROOT_CLASS = YES_ERROR;
				CLANG_WARN_QUOTED_INCLUDE_IN_FRAMEWORK_HEADER = YES;
				CLANG_WARN_RANGE_LOOP_ANALYSIS = YES;
				CLANG_WARN_STRICT_PROTOTYPES = YES;
				CLANG_WARN_SUSPICIOUS_MOVE = YES;
				CLANG_WARN_UNGUARDED_AVAILABILITY = YES_AGGRESSIVE;
				CLANG_WARN_UNREACHABLE_CODE = YES;
				CLANG_WARN__DUPLICATE_METHOD_MATCH = YES;
				COPY_PHASE_STRIP = NO;
				DEBUG_INFORMATION_FORMAT = "dwarf-with-dsym";
				ENABLE_NS_ASSERTIONS = NO;
				ENABLE_STRICT_OBJC_MSGSEND = YES;
				GCC_C_LANGUAGE_STANDARD = gnu11;
				GCC_NO_COMMON_BLOCKS = YES;
				GCC_WARN_64_TO_32_BIT_CONVERSION = YES;
				GCC_WARN_ABOUT_RETURN_TYPE = YES_ERROR;
				GCC_WARN_UNDECLARED_SELECTOR = YES;
				GCC_WARN_UNINITIALIZED_AUTOS = YES_AGGRESSIVE;
				GCC_WARN_UNUSED_FUNCTION = YES;
				GCC_WARN_UNUSED_VARIABLE = YES;
				IPHONEOS_DEPLOYMENT_TARGET = 15.5;
				MTL_ENABLE_DEBUG_INFO = NO;
				MTL_FAST_MATH = YES;
				SDKROOT = iphoneos;
				SWIFT_COMPILATION_MODE = wholemodule;
				SWIFT_OPTIMIZATION_LEVEL = "-O";
				VALIDATE_PRODUCT = YES;
			};
			name = Release;
		};
		88BCD357283F1B6100958FBC /* Debug */ = {
			isa = XCBuildConfiguration;
			baseConfigurationReference = 80A01E198BE847760BA835D0 /* Pods-JSONPlaceholder.debug.xcconfig */;
			buildSettings = {
				ASSETCATALOG_COMPILER_APPICON_NAME = AppIcon;
				ASSETCATALOG_COMPILER_GLOBAL_ACCENT_COLOR_NAME = AccentColor;
				CODE_SIGN_STYLE = Automatic;
				CURRENT_PROJECT_VERSION = 1;
				DEVELOPMENT_TEAM = 5PNLJ94N82;
				GENERATE_INFOPLIST_FILE = YES;
				INFOPLIST_FILE = JSONPlaceholder/Info.plist;
				INFOPLIST_KEY_UIApplicationSupportsIndirectInputEvents = YES;
				INFOPLIST_KEY_UILaunchStoryboardName = LaunchScreen;
				INFOPLIST_KEY_UIMainStoryboardFile = Main;
				INFOPLIST_KEY_UISupportedInterfaceOrientations_iPad = "UIInterfaceOrientationPortrait UIInterfaceOrientationPortraitUpsideDown UIInterfaceOrientationLandscapeLeft UIInterfaceOrientationLandscapeRight";
				INFOPLIST_KEY_UISupportedInterfaceOrientations_iPhone = "UIInterfaceOrientationPortrait UIInterfaceOrientationLandscapeLeft UIInterfaceOrientationLandscapeRight";
				LD_RUNPATH_SEARCH_PATHS = (
					"$(inherited)",
					"@executable_path/Frameworks",
				);
				MARKETING_VERSION = 1.0;
				PRODUCT_BUNDLE_IDENTIFIER = pavelseidhe.JSONPlaceholder;
				PRODUCT_NAME = "$(TARGET_NAME)";
				SWIFT_EMIT_LOC_STRINGS = YES;
				SWIFT_VERSION = 5.0;
				TARGETED_DEVICE_FAMILY = "1,2";
			};
			name = Debug;
		};
		88BCD358283F1B6100958FBC /* Release */ = {
			isa = XCBuildConfiguration;
			baseConfigurationReference = D6BEEC092D2354004A7D6456 /* Pods-JSONPlaceholder.release.xcconfig */;
			buildSettings = {
				ASSETCATALOG_COMPILER_APPICON_NAME = AppIcon;
				ASSETCATALOG_COMPILER_GLOBAL_ACCENT_COLOR_NAME = AccentColor;
				CODE_SIGN_STYLE = Automatic;
				CURRENT_PROJECT_VERSION = 1;
				DEVELOPMENT_TEAM = 5PNLJ94N82;
				GENERATE_INFOPLIST_FILE = YES;
				INFOPLIST_FILE = JSONPlaceholder/Info.plist;
				INFOPLIST_KEY_UIApplicationSupportsIndirectInputEvents = YES;
				INFOPLIST_KEY_UILaunchStoryboardName = LaunchScreen;
				INFOPLIST_KEY_UIMainStoryboardFile = Main;
				INFOPLIST_KEY_UISupportedInterfaceOrientations_iPad = "UIInterfaceOrientationPortrait UIInterfaceOrientationPortraitUpsideDown UIInterfaceOrientationLandscapeLeft UIInterfaceOrientationLandscapeRight";
				INFOPLIST_KEY_UISupportedInterfaceOrientations_iPhone = "UIInterfaceOrientationPortrait UIInterfaceOrientationLandscapeLeft UIInterfaceOrientationLandscapeRight";
				LD_RUNPATH_SEARCH_PATHS = (
					"$(inherited)",
					"@executable_path/Frameworks",
				);
				MARKETING_VERSION = 1.0;
				PRODUCT_BUNDLE_IDENTIFIER = pavelseidhe.JSONPlaceholder;
				PRODUCT_NAME = "$(TARGET_NAME)";
				SWIFT_EMIT_LOC_STRINGS = YES;
				SWIFT_VERSION = 5.0;
				TARGETED_DEVICE_FAMILY = "1,2";
			};
			name = Release;
		};
/* End XCBuildConfiguration section */

/* Begin XCConfigurationList section */
		88BCD33D283F1B6100958FBC /* Build configuration list for PBXProject "JSONPlaceholder" */ = {
			isa = XCConfigurationList;
			buildConfigurations = (
				88BCD354283F1B6100958FBC /* Debug */,
				88BCD355283F1B6100958FBC /* Release */,
			);
			defaultConfigurationIsVisible = 0;
			defaultConfigurationName = Release;
		};
		88BCD356283F1B6100958FBC /* Build configuration list for PBXNativeTarget "JSONPlaceholder" */ = {
			isa = XCConfigurationList;
			buildConfigurations = (
				88BCD357283F1B6100958FBC /* Debug */,
				88BCD358283F1B6100958FBC /* Release */,
			);
			defaultConfigurationIsVisible = 0;
			defaultConfigurationName = Release;
		};
/* End XCConfigurationList section */
	};
	rootObject = 88BCD33A283F1B6100958FBC /* Project object */;
}
